
Microsoft Visual Studio Solution File, Format Version 12.00
Project("{FAE04EC0-301F-11D3-BF4B-00C04F79EFBC}") = "MTZPP_K1", "MTZPP_K1.csproj", "{399AFC64-2270-4ADC-9B4F-28345671F882}"
EndProject
Global
	GlobalSection(SolutionConfigurationPlatforms) = preSolution
		Debug|Any CPU = Debug|Any CPU
		Release|Any CPU = Release|Any CPU
	EndGlobalSection
	GlobalSection(ProjectConfigurationPlatforms) = postSolution
		{399AFC64-2270-4ADC-9B4F-28345671F882}.Debug|Any CPU.ActiveCfg = Debug|Any CPU
		{399AFC64-2270-4ADC-9B4F-28345671F882}.Debug|Any CPU.Build.0 = Debug|Any CPU
		{399AFC64-2270-4ADC-9B4F-28345671F882}.Release|Any CPU.ActiveCfg = Release|Any CPU
		{399AFC64-2270-4ADC-9B4F-28345671F882}.Release|Any CPU.Build.0 = Release|Any CPU
	EndGlobalSection
EndGlobal
